speakeasyVersion: 1.684.0
sources:
    FastAPI:
        sourceNamespace: fast-api
        sourceRevisionDigest: sha256:6522b69ef193ee16fcf8f65f292d670af40fb1884a8cea87b9385ee968c34eaa
        sourceBlobDigest: sha256:b90403a05311d63e4d5c21bfc296167fad5943f0aebad0629f417ff8b7ca0897
        tags:
            - latest
            - main
            - 2.0.0
targets:
    opper:
        source: FastAPI
        sourceNamespace: fast-api
        sourceRevisionDigest: sha256:6522b69ef193ee16fcf8f65f292d670af40fb1884a8cea87b9385ee968c34eaa
        sourceBlobDigest: sha256:b90403a05311d63e4d5c21bfc296167fad5943f0aebad0629f417ff8b7ca0897
        codeSamplesNamespace: fast-api-typescript-code-samples
        codeSamplesRevisionDigest: sha256:182c5d12ca99446c0743918581d37c159646c4822469b66cb0e1c3d63ee3fcf4
workflow:
    workflowVersion: 1.0.0
    speakeasyVersion: latest
    sources:
        FastAPI:
            inputs:
                - location: https://api.opper.ai/v2/openapi.json
            overlays:
                - location: .speakeasy/speakeasy-modifications-overlay.yaml
            registry:
                location: registry.speakeasyapi.dev/opper/opper/fast-api
    targets:
        opper:
            target: typescript
            source: FastAPI
            codeSamples:
                registry:
                    location: registry.speakeasyapi.dev/opper/opper/fast-api-typescript-code-samples
                labelOverride:
                    fixedValue: Typescript (SDK)
                blocking: false
