speakeasyVersion: 1.709.1
sources:
    FastAPI:
        sourceNamespace: fast-api
        sourceRevisionDigest: sha256:86c7f4929c8ff9a356eb363c28695538508d3230da093f9caffad308509e2c5c
        sourceBlobDigest: sha256:0a089e92a210e5dd8c77c93005ca12e99fd11e73b2df9ca6696957256bebf724
        tags:
            - latest
            - main
            - 2.0.0
targets:
    opper:
        source: FastAPI
        sourceNamespace: fast-api
        sourceRevisionDigest: sha256:86c7f4929c8ff9a356eb363c28695538508d3230da093f9caffad308509e2c5c
        sourceBlobDigest: sha256:0a089e92a210e5dd8c77c93005ca12e99fd11e73b2df9ca6696957256bebf724
        codeSamplesNamespace: fast-api-typescript-code-samples
        codeSamplesRevisionDigest: sha256:1f817f77edc18b22a2297a3895302de050c09887013be6e9e26c201c583a3e28
workflow:
    workflowVersion: 1.0.0
    speakeasyVersion: latest
    sources:
        FastAPI:
            inputs:
                - location: https://api.opper.ai/v2/openapi.json
            overlays:
                - location: .speakeasy/speakeasy-modifications-overlay.yaml
            registry:
                location: registry.speakeasyapi.dev/opper/opper/fast-api
    targets:
        opper:
            target: typescript
            source: FastAPI
            codeSamples:
                registry:
                    location: registry.speakeasyapi.dev/opper/opper/fast-api-typescript-code-samples
                labelOverride:
                    fixedValue: Typescript (SDK)
                blocking: false
