speakeasyVersion: 1.664.0
sources:
    FastAPI:
        sourceNamespace: fast-api
        sourceRevisionDigest: sha256:96c05ebf50787da9b70ff351605b19d5d0ee37a6d96719e9bf18e0fea8163d7e
        sourceBlobDigest: sha256:8ba1960e535cf0cc797a118bca7a9325a2dae0615250814ec9fa6f9c3faf3631
        tags:
            - latest
            - 2.0.0
targets:
    opper:
        source: FastAPI
        sourceNamespace: fast-api
        sourceRevisionDigest: sha256:96c05ebf50787da9b70ff351605b19d5d0ee37a6d96719e9bf18e0fea8163d7e
        sourceBlobDigest: sha256:8ba1960e535cf0cc797a118bca7a9325a2dae0615250814ec9fa6f9c3faf3631
        codeSamplesNamespace: fast-api-typescript-code-samples
        codeSamplesRevisionDigest: sha256:bb5610491dbaf2387cbcb8c6cfcae50804b90cbaa81890e0c98573c64c44542b
workflow:
    workflowVersion: 1.0.0
    speakeasyVersion: latest
    sources:
        FastAPI:
            inputs:
                - location: https://api.opper.ai/v2/openapi.json
            overlays:
                - location: .speakeasy/speakeasy-modifications-overlay.yaml
            registry:
                location: registry.speakeasyapi.dev/opper/opper/fast-api
    targets:
        opper:
            target: typescript
            source: FastAPI
            codeSamples:
                registry:
                    location: registry.speakeasyapi.dev/opper/opper/fast-api-typescript-code-samples
                labelOverride:
                    fixedValue: Typescript (SDK)
                blocking: false
